
Microsoft Visual Studio Solution File, Format Version 12.00
# Visual Studio Version 17
VisualStudioVersion = 17.11.35327.3
MinimumVisualStudioVersion = 10.0.40219.1
Project("{FAE04EC0-301F-11D3-BF4B-00C04F79EFBC}") = "Batenchuk3.2", "Batenchuk3.2\Batenchuk3.2.csproj", "{B7CE3AE6-51CE-4656-815F-018D58FD8574}"
EndProject
Global
	GlobalSection(SolutionConfigurationPlatforms) = preSolution
		Debug|Any CPU = Debug|Any CPU
		Release|Any CPU = Release|Any CPU
	EndGlobalSection
	GlobalSection(ProjectConfigurationPlatforms) = postSolution
		{B7CE3AE6-51CE-4656-815F-018D58FD8574}.Debug|Any CPU.ActiveCfg = Debug|Any CPU
		{B7CE3AE6-51CE-4656-815F-018D58FD8574}.Debug|Any CPU.Build.0 = Debug|Any CPU
		{B7CE3AE6-51CE-4656-815F-018D58FD8574}.Release|Any CPU.ActiveCfg = Release|Any CPU
		{B7CE3AE6-51CE-4656-815F-018D58FD8574}.Release|Any CPU.Build.0 = Release|Any CPU
	EndGlobalSection
	GlobalSection(SolutionProperties) = preSolution
		HideSolutionNode = FALSE
	EndGlobalSection
	GlobalSection(ExtensibilityGlobals) = postSolution
		SolutionGuid = {81960C63-0C51-41D1-91C3-D8F16F8CBB3D}
	EndGlobalSection
EndGlobal
